// !$*UTF8*$!
{
	archiveVersion = 1;
	classes = {
	};
	objectVersion = 55;
	objects = {

/* Begin PBXBuildFile section */
		A1C96E5D272C092300EE9917 /* AppDelegate.swift in Sources */ = {isa = PBXBuildFile; fileRef = A1C96E5C272C092300EE9917 /* AppDelegate.swift */; };
		A1C96E5F272C092300EE9917 /* SceneDelegate.swift in Sources */ = {isa = PBXBuildFile; fileRef = A1C96E5E272C092300EE9917 /* SceneDelegate.swift */; };
		A1C96E61272C092300EE9917 /* LotteryListViewController.swift in Sources */ = {isa = PBXBuildFile; fileRef = A1C96E60272C092300EE9917 /* LotteryListViewController.swift */; };
		A1C96E66272C092800EE9917 /* Assets.xcassets in Resources */ = {isa = PBXBuildFile; fileRef = A1C96E65272C092800EE9917 /* Assets.xcassets */; };
		A1C96E69272C092800EE9917 /* LaunchScreen.storyboard in Resources */ = {isa = PBXBuildFile; fileRef = A1C96E67272C092800EE9917 /* LaunchScreen.storyboard */; };
		A1C96E8D272C09A700EE9917 /* LotteryCalculator.swift in Sources */ = {isa = PBXBuildFile; fileRef = A1C96E8C272C09A700EE9917 /* LotteryCalculator.swift */; };
		A1C96E8F272C09B800EE9917 /* LotteryListViewModel.swift in Sources */ = {isa = PBXBuildFile; fileRef = A1C96E8E272C09B800EE9917 /* LotteryListViewModel.swift */; };
		A1C96E91272C0A9800EE9917 /* LotteryRepository.swift in Sources */ = {isa = PBXBuildFile; fileRef = A1C96E90272C0A9800EE9917 /* LotteryRepository.swift */; };
		A1C96E93272C0BC600EE9917 /* LotteryResultViewModel.swift in Sources */ = {isa = PBXBuildFile; fileRef = A1C96E92272C0BC600EE9917 /* LotteryResultViewModel.swift */; };
		A1C96E95272C0BF200EE9917 /* LotteryResultViewController.swift in Sources */ = {isa = PBXBuildFile; fileRef = A1C96E94272C0BF200EE9917 /* LotteryResultViewController.swift */; };
		A1C96E9F272C0DCD00EE9917 /* LotteryListViewModelUnitTest.swift in Sources */ = {isa = PBXBuildFile; fileRef = A1C96E9E272C0DCD00EE9917 /* LotteryListViewModelUnitTest.swift */; };
		A1C96EA1272C0DF400EE9917 /* LotteryResultViewModelTest.swift in Sources */ = {isa = PBXBuildFile; fileRef = A1C96EA0272C0DF400EE9917 /* LotteryResultViewModelTest.swift */; };
		A1C96EA3272C0E2A00EE9917 /* LotteryCalculatorUnitTest.swift in Sources */ = {isa = PBXBuildFile; fileRef = A1C96EA2272C0E2A00EE9917 /* LotteryCalculatorUnitTest.swift */; };
		A1C96EA6272C0EB000EE9917 /* LotteryListAPIModel.swift in Sources */ = {isa = PBXBuildFile; fileRef = A1C96EA5272C0EB000EE9917 /* LotteryListAPIModel.swift */; };
		A1C96EA8272C0EC300EE9917 /* LotteryResultAPIModel.swift in Sources */ = {isa = PBXBuildFile; fileRef = A1C96EA7272C0EC300EE9917 /* LotteryResultAPIModel.swift */; };
		A1C96EAA272C4D0400EE9917 /* LotteryResultModel.swift in Sources */ = {isa = PBXBuildFile; fileRef = A1C96EA9272C4D0400EE9917 /* LotteryResultModel.swift */; };
		A1C96EAC272C597600EE9917 /* MockLotteryRepository.swift in Sources */ = {isa = PBXBuildFile; fileRef = A1C96EAB272C597600EE9917 /* MockLotteryRepository.swift */; };
/* End PBXBuildFile section */

/* Begin PBXContainerItemProxy section */
		A1C96E70272C092900EE9917 /* PBXContainerItemProxy */ = {
			isa = PBXContainerItemProxy;
			containerPortal = A1C96E51272C092300EE9917 /* Project object */;
			proxyType = 1;
			remoteGlobalIDString = A1C96E58272C092300EE9917;
			remoteInfo = lottery;
		};
/* End PBXContainerItemProxy section */

/* Begin PBXFileReference section */
		A1C96E59272C092300EE9917 /* lottery.app */ = {isa = PBXFileReference; explicitFileType = wrapper.application; includeInIndex = 0; path = lottery.app; sourceTree = BUILT_PRODUCTS_DIR; };
		A1C96E5C272C092300EE9917 /* AppDelegate.swift */ = {isa = PBXFileReference; lastKnownFileType = sourcecode.swift; path = AppDelegate.swift; sourceTree = "<group>"; };
		A1C96E5E272C092300EE9917 /* SceneDelegate.swift */ = {isa = PBXFileReference; lastKnownFileType = sourcecode.swift; path = SceneDelegate.swift; sourceTree = "<group>"; };
		A1C96E60272C092300EE9917 /* LotteryListViewController.swift */ = {isa = PBXFileReference; lastKnownFileType = sourcecode.swift; path = LotteryListViewController.swift; sourceTree = "<group>"; };
		A1C96E65272C092800EE9917 /* Assets.xcassets */ = {isa = PBXFileReference; lastKnownFileType = folder.assetcatalog; path = Assets.xcassets; sourceTree = "<group>"; };
		A1C96E68272C092800EE9917 /* Base */ = {isa = PBXFileReference; lastKnownFileType = file.storyboard; name = Base; path = Base.lproj/LaunchScreen.storyboard; sourceTree = "<group>"; };
		A1C96E6A272C092800EE9917 /* Info.plist */ = {isa = PBXFileReference; lastKnownFileType = text.plist.xml; path = Info.plist; sourceTree = "<group>"; };
		A1C96E6F272C092900EE9917 /* lotteryTests.xctest */ = {isa = PBXFileReference; explicitFileType = wrapper.cfbundle; includeInIndex = 0; path = lotteryTests.xctest; sourceTree = BUILT_PRODUCTS_DIR; };
		A1C96E8C272C09A700EE9917 /* LotteryCalculator.swift */ = {isa = PBXFileReference; lastKnownFileType = sourcecode.swift; path = LotteryCalculator.swift; sourceTree = "<group>"; };
		A1C96E8E272C09B800EE9917 /* LotteryListViewModel.swift */ = {isa = PBXFileReference; lastKnownFileType = sourcecode.swift; path = LotteryListViewModel.swift; sourceTree = "<group>"; };
		A1C96E90272C0A9800EE9917 /* LotteryRepository.swift */ = {isa = PBXFileReference; lastKnownFileType = sourcecode.swift; path = LotteryRepository.swift; sourceTree = "<group>"; };
		A1C96E92272C0BC600EE9917 /* LotteryResultViewModel.swift */ = {isa = PBXFileReference; lastKnownFileType = sourcecode.swift; path = LotteryResultViewModel.swift; sourceTree = "<group>"; };
		A1C96E94272C0BF200EE9917 /* LotteryResultViewController.swift */ = {isa = PBXFileReference; lastKnownFileType = sourcecode.swift; path = LotteryResultViewController.swift; sourceTree = "<group>"; };
		A1C96E9E272C0DCD00EE9917 /* LotteryListViewModelUnitTest.swift */ = {isa = PBXFileReference; lastKnownFileType = sourcecode.swift; path = LotteryListViewModelUnitTest.swift; sourceTree = "<group>"; };
		A1C96EA0272C0DF400EE9917 /* LotteryResultViewModelTest.swift */ = {isa = PBXFileReference; lastKnownFileType = sourcecode.swift; path = LotteryResultViewModelTest.swift; sourceTree = "<group>"; };
		A1C96EA2272C0E2A00EE9917 /* LotteryCalculatorUnitTest.swift */ = {isa = PBXFileReference; lastKnownFileType = sourcecode.swift; path = LotteryCalculatorUnitTest.swift; sourceTree = "<group>"; };
		A1C96EA5272C0EB000EE9917 /* LotteryListAPIModel.swift */ = {isa = PBXFileReference; lastKnownFileType = sourcecode.swift; path = LotteryListAPIModel.swift; sourceTree = "<group>"; };
		A1C96EA7272C0EC300EE9917 /* LotteryResultAPIModel.swift */ = {isa = PBXFileReference; lastKnownFileType = sourcecode.swift; path = LotteryResultAPIModel.swift; sourceTree = "<group>"; };
		A1C96EA9272C4D0400EE9917 /* LotteryResultModel.swift */ = {isa = PBXFileReference; lastKnownFileType = sourcecode.swift; path = LotteryResultModel.swift; sourceTree = "<group>"; };
		A1C96EAB272C597600EE9917 /* MockLotteryRepository.swift */ = {isa = PBXFileReference; lastKnownFileType = sourcecode.swift; path = MockLotteryRepository.swift; sourceTree = "<group>"; };
/* End PBXFileReference section */

/* Begin PBXFrameworksBuildPhase section */
		A1C96E56272C092300EE9917 /* Frameworks */ = {
			isa = PBXFrameworksBuildPhase;
			buildActionMask = 2147483647;
			files = (
			);
			runOnlyForDeploymentPostprocessing = 0;
		};
		A1C96E6C272C092900EE9917 /* Frameworks */ = {
			isa = PBXFrameworksBuildPhase;
			buildActionMask = 2147483647;
			files = (
			);
			runOnlyForDeploymentPostprocessing = 0;
		};
/* End PBXFrameworksBuildPhase section */

/* Begin PBXGroup section */
		A1C96E50272C092300EE9917 = {
			isa = PBXGroup;
			children = (
				A1C96E5B272C092300EE9917 /* lottery */,
				A1C96E72272C092900EE9917 /* lotteryTests */,
				A1C96E5A272C092300EE9917 /* Products */,
			);
			sourceTree = "<group>";
		};
		A1C96E5A272C092300EE9917 /* Products */ = {
			isa = PBXGroup;
			children = (
				A1C96E59272C092300EE9917 /* lottery.app */,
				A1C96E6F272C092900EE9917 /* lotteryTests.xctest */,
			);
			name = Products;
			sourceTree = "<group>";
		};
		A1C96E5B272C092300EE9917 /* lottery */ = {
			isa = PBXGroup;
			children = (
				A1C96EA4272C0E8E00EE9917 /* Model */,
				A1C96E9B272C0C9A00EE9917 /* LotteryCalculator */,
				A1C96E9A272C0C8300EE9917 /* Repository */,
				A1C96E99272C0C6A00EE9917 /* ViewModel */,
				A1C96E96272C0C3800EE9917 /* ViewController */,
				A1C96E5C272C092300EE9917 /* AppDelegate.swift */,
				A1C96E5E272C092300EE9917 /* SceneDelegate.swift */,
				A1C96E65272C092800EE9917 /* Assets.xcassets */,
				A1C96E67272C092800EE9917 /* LaunchScreen.storyboard */,
				A1C96E6A272C092800EE9917 /* Info.plist */,
			);
			path = lottery;
			sourceTree = "<group>";
		};
		A1C96E72272C092900EE9917 /* lotteryTests */ = {
			isa = PBXGroup;
			children = (
				A1C96E9E272C0DCD00EE9917 /* LotteryListViewModelUnitTest.swift */,
				A1C96EA0272C0DF400EE9917 /* LotteryResultViewModelTest.swift */,
				A1C96EA2272C0E2A00EE9917 /* LotteryCalculatorUnitTest.swift */,
				A1C96EAB272C597600EE9917 /* MockLotteryRepository.swift */,
			);
			path = lotteryTests;
			sourceTree = "<group>";
		};
		A1C96E96272C0C3800EE9917 /* ViewController */ = {
			isa = PBXGroup;
			children = (
				A1C96E60272C092300EE9917 /* LotteryListViewController.swift */,
				A1C96E94272C0BF200EE9917 /* LotteryResultViewController.swift */,
			);
			path = ViewController;
			sourceTree = "<group>";
		};
		A1C96E99272C0C6A00EE9917 /* ViewModel */ = {
			isa = PBXGroup;
			children = (
				A1C96E92272C0BC600EE9917 /* LotteryResultViewModel.swift */,
				A1C96E8E272C09B800EE9917 /* LotteryListViewModel.swift */,
			);
			path = ViewModel;
			sourceTree = "<group>";
		};
		A1C96E9A272C0C8300EE9917 /* Repository */ = {
			isa = PBXGroup;
			children = (
				A1C96E90272C0A9800EE9917 /* LotteryRepository.swift */,
			);
			path = Repository;
			sourceTree = "<group>";
		};
		A1C96E9B272C0C9A00EE9917 /* LotteryCalculator */ = {
			isa = PBXGroup;
			children = (
				A1C96E8C272C09A700EE9917 /* LotteryCalculator.swift */,
			);
			path = LotteryCalculator;
			sourceTree = "<group>";
		};
		A1C96EA4272C0E8E00EE9917 /* Model */ = {
			isa = PBXGroup;
			children = (
				A1C96EA5272C0EB000EE9917 /* LotteryListAPIModel.swift */,
				A1C96EA7272C0EC300EE9917 /* LotteryResultAPIModel.swift */,
				A1C96EA9272C4D0400EE9917 /* LotteryResultModel.swift */,
			);
			path = Model;
			sourceTree = "<group>";
		};
/* End PBXGroup section */

/* Begin PBXNativeTarget section */
		A1C96E58272C092300EE9917 /* lottery */ = {
			isa = PBXNativeTarget;
			buildConfigurationList = A1C96E83272C092900EE9917 /* Build configuration list for PBXNativeTarget "lottery" */;
			buildPhases = (
				A1C96E55272C092300EE9917 /* Sources */,
				A1C96E56272C092300EE9917 /* Frameworks */,
				A1C96E57272C092300EE9917 /* Resources */,
			);
			buildRules = (
			);
			dependencies = (
			);
			name = lottery;
			productName = lottery;
			productReference = A1C96E59272C092300EE9917 /* lottery.app */;
			productType = "com.apple.product-type.application";
		};
		A1C96E6E272C092900EE9917 /* lotteryTests */ = {
			isa = PBXNativeTarget;
			buildConfigurationList = A1C96E86272C092900EE9917 /* Build configuration list for PBXNativeTarget "lotteryTests" */;
			buildPhases = (
				A1C96E6B272C092900EE9917 /* Sources */,
				A1C96E6C272C092900EE9917 /* Frameworks */,
				A1C96E6D272C092900EE9917 /* Resources */,
			);
			buildRules = (
			);
			dependencies = (
				A1C96E71272C092900EE9917 /* PBXTargetDependency */,
			);
			name = lotteryTests;
			productName = lotteryTests;
			productReference = A1C96E6F272C092900EE9917 /* lotteryTests.xctest */;
			productType = "com.apple.product-type.bundle.unit-test";
		};
/* End PBXNativeTarget section */

/* Begin PBXProject section */
		A1C96E51272C092300EE9917 /* Project object */ = {
			isa = PBXProject;
			attributes = {
				BuildIndependentTargetsInParallel = 1;
				LastSwiftUpdateCheck = 1300;
				LastUpgradeCheck = 1300;
				TargetAttributes = {
					A1C96E58272C092300EE9917 = {
						CreatedOnToolsVersion = 13.0;
					};
					A1C96E6E272C092900EE9917 = {
						CreatedOnToolsVersion = 13.0;
						TestTargetID = A1C96E58272C092300EE9917;
					};
				};
			};
			buildConfigurationList = A1C96E54272C092300EE9917 /* Build configuration list for PBXProject "lottery" */;
			compatibilityVersion = "Xcode 13.0";
			developmentRegion = en;
			hasScannedForEncodings = 0;
			knownRegions = (
				en,
				Base,
			);
			mainGroup = A1C96E50272C092300EE9917;
			productRefGroup = A1C96E5A272C092300EE9917 /* Products */;
			projectDirPath = "";
			projectRoot = "";
			targets = (
				A1C96E58272C092300EE9917 /* lottery */,
				A1C96E6E272C092900EE9917 /* lotteryTests */,
			);
		};
/* End PBXProject section */

/* Begin PBXResourcesBuildPhase section */
		A1C96E57272C092300EE9917 /* Resources */ = {
			isa = PBXResourcesBuildPhase;
			buildActionMask = 2147483647;
			files = (
				A1C96E69272C092800EE9917 /* LaunchScreen.storyboard in Resources */,
				A1C96E66272C092800EE9917 /* Assets.xcassets in Resources */,
			);
			runOnlyForDeploymentPostprocessing = 0;
		};
		A1C96E6D272C092900EE9917 /* Resources */ = {
			isa = PBXResourcesBuildPhase;
			buildActionMask = 2147483647;
			files = (
			);
			runOnlyForDeploymentPostprocessing = 0;
		};
/* End PBXResourcesBuildPhase section */

/* Begin PBXSourcesBuildPhase section */
		A1C96E55272C092300EE9917 /* Sources */ = {
			isa = PBXSourcesBuildPhase;
			buildActionMask = 2147483647;
			files = (
				A1C96E93272C0BC600EE9917 /* LotteryResultViewModel.swift in Sources */,
				A1C96E8F272C09B800EE9917 /* LotteryListViewModel.swift in Sources */,
				A1C96E61272C092300EE9917 /* LotteryListViewController.swift in Sources */,
				A1C96E95272C0BF200EE9917 /* LotteryResultViewController.swift in Sources */,
				A1C96EA8272C0EC300EE9917 /* LotteryResultAPIModel.swift in Sources */,
				A1C96E5D272C092300EE9917 /* AppDelegate.swift in Sources */,
				A1C96E91272C0A9800EE9917 /* LotteryRepository.swift in Sources */,
				A1C96EAA272C4D0400EE9917 /* LotteryResultModel.swift in Sources */,
				A1C96E5F272C092300EE9917 /* SceneDelegate.swift in Sources */,
				A1C96E8D272C09A700EE9917 /* LotteryCalculator.swift in Sources */,
				A1C96EA6272C0EB000EE9917 /* LotteryListAPIModel.swift in Sources */,
			);
			runOnlyForDeploymentPostprocessing = 0;
		};
		A1C96E6B272C092900EE9917 /* Sources */ = {
			isa = PBXSourcesBuildPhase;
			buildActionMask = 2147483647;
			files = (
				A1C96EA3272C0E2A00EE9917 /* LotteryCalculatorUnitTest.swift in Sources */,
				A1C96EA1272C0DF400EE9917 /* LotteryResultViewModelTest.swift in Sources */,
				A1C96E9F272C0DCD00EE9917 /* LotteryListViewModelUnitTest.swift in Sources */,
				A1C96EAC272C597600EE9917 /* MockLotteryRepository.swift in Sources */,
			);
			runOnlyForDeploymentPostprocessing = 0;
		};
/* End PBXSourcesBuildPhase section */

/* Begin PBXTargetDependency section */
		A1C96E71272C092900EE9917 /* PBXTargetDependency */ = {
			isa = PBXTargetDependency;
			target = A1C96E58272C092300EE9917 /* lottery */;
			targetProxy = A1C96E70272C092900EE9917 /* PBXContainerItemProxy */;
		};
/* End PBXTargetDependency section */

/* Begin PBXVariantGroup section */
		A1C96E67272C092800EE9917 /* LaunchScreen.storyboard */ = {
			isa = PBXVariantGroup;
			children = (
				A1C96E68272C092800EE9917 /* Base */,
			);
			name = LaunchScreen.storyboard;
			sourceTree = "<group>";
		};
/* End PBXVariantGroup section */

/* Begin XCBuildConfiguration section */
		A1C96E81272C092900EE9917 /* Debug */ = {
			isa = XCBuildConfiguration;
			buildSettings = {
				ALWAYS_SEARCH_USER_PATHS = NO;
				CLANG_ANALYZER_NONNULL = YES;
				CLANG_ANALYZER_NUMBER_OBJECT_CONVERSION = YES_AGGRESSIVE;
				CLANG_CXX_LANGUAGE_STANDARD = "gnu++17";
				CLANG_CXX_LIBRARY = "libc++";
				CLANG_ENABLE_MODULES = YES;
				CLANG_ENABLE_OBJC_ARC = YES;
				CLANG_ENABLE_OBJC_WEAK = YES;
				CLANG_WARN_BLOCK_CAPTURE_AUTORELEASING = YES;
				CLANG_WARN_BOOL_CONVERSION = YES;
				CLANG_WARN_COMMA = YES;
				CLANG_WARN_CONSTANT_CONVERSION = YES;
				CLANG_WARN_DEPRECATED_OBJC_IMPLEMENTATIONS = YES;
				CLANG_WARN_DIRECT_OBJC_ISA_USAGE = YES_ERROR;
				CLANG_WARN_DOCUMENTATION_COMMENTS = YES;
				CLANG_WARN_EMPTY_BODY = YES;
				CLANG_WARN_ENUM_CONVERSION = YES;
				CLANG_WARN_INFINITE_RECURSION = YES;
				CLANG_WARN_INT_CONVERSION = YES;
				CLANG_WARN_NON_LITERAL_NULL_CONVERSION = YES;
				CLANG_WARN_OBJC_IMPLICIT_RETAIN_SELF = YES;
				CLANG_WARN_OBJC_LITERAL_CONVERSION = YES;
				CLANG_WARN_OBJC_ROOT_CLASS = YES_ERROR;
				CLANG_WARN_QUOTED_INCLUDE_IN_FRAMEWORK_HEADER = YES;
				CLANG_WARN_RANGE_LOOP_ANALYSIS = YES;
				CLANG_WARN_STRICT_PROTOTYPES = YES;
				CLANG_WARN_SUSPICIOUS_MOVE = YES;
				CLANG_WARN_UNGUARDED_AVAILABILITY = YES_AGGRESSIVE;
				CLANG_WARN_UNREACHABLE_CODE = YES;
				CLANG_WARN__DUPLICATE_METHOD_MATCH = YES;
				COPY_PHASE_STRIP = NO;
				DEBUG_INFORMATION_FORMAT = dwarf;
				ENABLE_STRICT_OBJC_MSGSEND = YES;
				ENABLE_TESTABILITY = YES;
				GCC_C_LANGUAGE_STANDARD = gnu11;
				GCC_DYNAMIC_NO_PIC = NO;
				GCC_NO_COMMON_BLOCKS = YES;
				GCC_OPTIMIZATION_LEVEL = 0;
				GCC_PREPROCESSOR_DEFINITIONS = (
					"DEBUG=1",
					"$(inherited)",
				);
				GCC_WARN_64_TO_32_BIT_CONVERSION = YES;
				GCC_WARN_ABOUT_RETURN_TYPE = YES_ERROR;
				GCC_WARN_UNDECLARED_SELECTOR = YES;
				GCC_WARN_UNINITIALIZED_AUTOS = YES_AGGRESSIVE;
				GCC_WARN_UNUSED_FUNCTION = YES;
				GCC_WARN_UNUSED_VARIABLE = YES;
				IPHONEOS_DEPLOYMENT_TARGET = 15.0;
				MTL_ENABLE_DEBUG_INFO = INCLUDE_SOURCE;
				MTL_FAST_MATH = YES;
				ONLY_ACTIVE_ARCH = YES;
				SDKROOT = iphoneos;
				SWIFT_ACTIVE_COMPILATION_CONDITIONS = DEBUG;
				SWIFT_OPTIMIZATION_LEVEL = "-Onone";
			};
			name = Debug;
		};
		A1C96E82272C092900EE9917 /* Release */ = {
			isa = XCBuildConfiguration;
			buildSettings = {
				ALWAYS_SEARCH_USER_PATHS = NO;
				CLANG_ANALYZER_NONNULL = YES;
				CLANG_ANALYZER_NUMBER_OBJECT_CONVERSION = YES_AGGRESSIVE;
				CLANG_CXX_LANGUAGE_STANDARD = "gnu++17";
				CLANG_CXX_LIBRARY = "libc++";
				CLANG_ENABLE_MODULES = YES;
				CLANG_ENABLE_OBJC_ARC = YES;
				CLANG_ENABLE_OBJC_WEAK = YES;
				CLANG_WARN_BLOCK_CAPTURE_AUTORELEASING = YES;
				CLANG_WARN_BOOL_CONVERSION = YES;
				CLANG_WARN_COMMA = YES;
				CLANG_WARN_CONSTANT_CONVERSION = YES;
				CLANG_WARN_DEPRECATED_OBJC_IMPLEMENTATIONS = YES;
				CLANG_WARN_DIRECT_OBJC_ISA_USAGE = YES_ERROR;
				CLANG_WARN_DOCUMENTATION_COMMENTS = YES;
				CLANG_WARN_EMPTY_BODY = YES;
				CLANG_WARN_ENUM_CONVERSION = YES;
				CLANG_WARN_INFINITE_RECURSION = YES;
				CLANG_WARN_INT_CONVERSION = YES;
				CLANG_WARN_NON_LITERAL_NULL_CONVERSION = YES;
				CLANG_WARN_OBJC_IMPLICIT_RETAIN_SELF = YES;
				CLANG_WARN_OBJC_LITERAL_CONVERSION = YES;
				CLANG_WARN_OBJC_ROOT_CLASS = YES_ERROR;
				CLANG_WARN_QUOTED_INCLUDE_IN_FRAMEWORK_HEADER = YES;
				CLANG_WARN_RANGE_LOOP_ANALYSIS = YES;
				CLANG_WARN_STRICT_PROTOTYPES = YES;
				CLANG_WARN_SUSPICIOUS_MOVE = YES;
				CLANG_WARN_UNGUARDED_AVAILABILITY = YES_AGGRESSIVE;
				CLANG_WARN_UNREACHABLE_CODE = YES;
				CLANG_WARN__DUPLICATE_METHOD_MATCH = YES;
				COPY_PHASE_STRIP = NO;
				DEBUG_INFORMATION_FORMAT = "dwarf-with-dsym";
				ENABLE_NS_ASSERTIONS = NO;
				ENABLE_STRICT_OBJC_MSGSEND = YES;
				GCC_C_LANGUAGE_STANDARD = gnu11;
				GCC_NO_COMMON_BLOCKS = YES;
				GCC_WARN_64_TO_32_BIT_CONVERSION = YES;
				GCC_WARN_ABOUT_RETURN_TYPE = YES_ERROR;
				GCC_WARN_UNDECLARED_SELECTOR = YES;
				GCC_WARN_UNINITIALIZED_AUTOS = YES_AGGRESSIVE;
				GCC_WARN_UNUSED_FUNCTION = YES;
				GCC_WARN_UNUSED_VARIABLE = YES;
				IPHONEOS_DEPLOYMENT_TARGET = 15.0;
				MTL_ENABLE_DEBUG_INFO = NO;
				MTL_FAST_MATH = YES;
				SDKROOT = iphoneos;
				SWIFT_COMPILATION_MODE = wholemodule;
				SWIFT_OPTIMIZATION_LEVEL = "-O";
				VALIDATE_PRODUCT = YES;
			};
			name = Release;
		};
		A1C96E84272C092900EE9917 /* Debug */ = {
			isa = XCBuildConfiguration;
			buildSettings = {
				ASSETCATALOG_COMPILER_APPICON_NAME = AppIcon;
				ASSETCATALOG_COMPILER_GLOBAL_ACCENT_COLOR_NAME = AccentColor;
				CODE_SIGN_STYLE = Automatic;
				CURRENT_PROJECT_VERSION = 1;
				DEVELOPMENT_TEAM = H7KBG24UAY;
				GENERATE_INFOPLIST_FILE = YES;
				INFOPLIST_FILE = lottery/Info.plist;
				INFOPLIST_KEY_UIApplicationSupportsIndirectInputEvents = YES;
				INFOPLIST_KEY_UILaunchStoryboardName = LaunchScreen;
				INFOPLIST_KEY_UIRequiresFullScreen = YES;
				INFOPLIST_KEY_UISupportedInterfaceOrientations = "";
				INFOPLIST_KEY_UISupportedInterfaceOrientations_iPad = "UIInterfaceOrientationPortrait UIInterfaceOrientationPortraitUpsideDown UIInterfaceOrientationLandscapeLeft UIInterfaceOrientationLandscapeRight";
				INFOPLIST_KEY_UISupportedInterfaceOrientations_iPhone = "UIInterfaceOrientationPortrait UIInterfaceOrientationLandscapeLeft UIInterfaceOrientationLandscapeRight";
				LD_RUNPATH_SEARCH_PATHS = (
					"$(inherited)",
					"@executable_path/Frameworks",
				);
				MARKETING_VERSION = 1.0;
				PRODUCT_BUNDLE_IDENTIFIER = Popullo.lottery;
				PRODUCT_NAME = "$(TARGET_NAME)";
				SWIFT_EMIT_LOC_STRINGS = YES;
				SWIFT_VERSION = 5.0;
				TARGETED_DEVICE_FAMILY = "1,2";
			};
			name = Debug;
		};
		A1C96E85272C092900EE9917 /* Release */ = {
			isa = XCBuildConfiguration;
			buildSettings = {
				ASSETCATALOG_COMPILER_APPICON_NAME = AppIcon;
				ASSETCATALOG_COMPILER_GLOBAL_ACCENT_COLOR_NAME = AccentColor;
				CODE_SIGN_STYLE = Automatic;
				CURRENT_PROJECT_VERSION = 1;
				DEVELOPMENT_TEAM = H7KBG24UAY;
				GENERATE_INFOPLIST_FILE = YES;
				INFOPLIST_FILE = lottery/Info.plist;
				INFOPLIST_KEY_UIApplicationSupportsIndirectInputEvents = YES;
				INFOPLIST_KEY_UILaunchStoryboardName = LaunchScreen;
				INFOPLIST_KEY_UIRequiresFullScreen = YES;
				INFOPLIST_KEY_UISupportedInterfaceOrientations = "";
				INFOPLIST_KEY_UISupportedInterfaceOrientations_iPad = "UIInterfaceOrientationPortrait UIInterfaceOrientationPortraitUpsideDown UIInterfaceOrientationLandscapeLeft UIInterfaceOrientationLandscapeRight";
				INFOPLIST_KEY_UISupportedInterfaceOrientations_iPhone = "UIInterfaceOrientationPortrait UIInterfaceOrientationLandscapeLeft UIInterfaceOrientationLandscapeRight";
				LD_RUNPATH_SEARCH_PATHS = (
					"$(inherited)",
					"@executable_path/Frameworks",
				);
				MARKETING_VERSION = 1.0;
				PRODUCT_BUNDLE_IDENTIFIER = Popullo.lottery;
				PRODUCT_NAME = "$(TARGET_NAME)";
				SWIFT_EMIT_LOC_STRINGS = YES;
				SWIFT_VERSION = 5.0;
				TARGETED_DEVICE_FAMILY = "1,2";
			};
			name = Release;
		};
		A1C96E87272C092900EE9917 /* Debug */ = {
			isa = XCBuildConfiguration;
			buildSettings = {
				ALWAYS_EMBED_SWIFT_STANDARD_LIBRARIES = YES;
				BUNDLE_LOADER = "$(TEST_HOST)";
				CODE_SIGN_STYLE = Automatic;
				CURRENT_PROJECT_VERSION = 1;
				DEVELOPMENT_TEAM = H7KBG24UAY;
				GENERATE_INFOPLIST_FILE = YES;
				IPHONEOS_DEPLOYMENT_TARGET = 15.0;
				LD_RUNPATH_SEARCH_PATHS = (
					"$(inherited)",
					"@executable_path/Frameworks",
					"@loader_path/Frameworks",
				);
				MARKETING_VERSION = 1.0;
				PRODUCT_BUNDLE_IDENTIFIER = Popullo.lotteryTests;
				PRODUCT_NAME = "$(TARGET_NAME)";
				SWIFT_EMIT_LOC_STRINGS = NO;
				SWIFT_VERSION = 5.0;
				TARGETED_DEVICE_FAMILY = "1,2";
				TEST_HOST = "$(BUILT_PRODUCTS_DIR)/lottery.app/lottery";
			};
			name = Debug;
		};
		A1C96E88272C092900EE9917 /* Release */ = {
			isa = XCBuildConfiguration;
			buildSettings = {
				ALWAYS_EMBED_SWIFT_STANDARD_LIBRARIES = YES;
				BUNDLE_LOADER = "$(TEST_HOST)";
				CODE_SIGN_STYLE = Automatic;
				CURRENT_PROJECT_VERSION = 1;
				DEVELOPMENT_TEAM = H7KBG24UAY;
				GENERATE_INFOPLIST_FILE = YES;
				IPHONEOS_DEPLOYMENT_TARGET = 15.0;
				LD_RUNPATH_SEARCH_PATHS = (
					"$(inherited)",
					"@executable_path/Frameworks",
					"@loader_path/Frameworks",
				);
				MARKETING_VERSION = 1.0;
				PRODUCT_BUNDLE_IDENTIFIER = Popullo.lotteryTests;
				PRODUCT_NAME = "$(TARGET_NAME)";
				SWIFT_EMIT_LOC_STRINGS = NO;
				SWIFT_VERSION = 5.0;
				TARGETED_DEVICE_FAMILY = "1,2";
				TEST_HOST = "$(BUILT_PRODUCTS_DIR)/lottery.app/lottery";
			};
			name = Release;
		};
/* End XCBuildConfiguration section */

/* Begin XCConfigurationList section */
		A1C96E54272C092300EE9917 /* Build configuration list for PBXProject "lottery" */ = {
			isa = XCConfigurationList;
			buildConfigurations = (
				A1C96E81272C092900EE9917 /* Debug */,
				A1C96E82272C092900EE9917 /* Release */,
			);
			defaultConfigurationIsVisible = 0;
			defaultConfigurationName = Release;
		};
		A1C96E83272C092900EE9917 /* Build configuration list for PBXNativeTarget "lottery" */ = {
			isa = XCConfigurationList;
			buildConfigurations = (
				A1C96E84272C092900EE9917 /* Debug */,
				A1C96E85272C092900EE9917 /* Release */,
			);
			defaultConfigurationIsVisible = 0;
			defaultConfigurationName = Release;
		};
		A1C96E86272C092900EE9917 /* Build configuration list for PBXNativeTarget "lotteryTests" */ = {
			isa = XCConfigurationList;
			buildConfigurations = (
				A1C96E87272C092900EE9917 /* Debug */,
				A1C96E88272C092900EE9917 /* Release */,
			);
			defaultConfigurationIsVisible = 0;
			defaultConfigurationName = Release;
		};
/* End XCConfigurationList section */
	};
	rootObject = A1C96E51272C092300EE9917 /* Project object */;
}
